<?xml version="1.0" encoding="UTF-8" standalone="yes" ?>
<CodeBlocks_project_file>
	<FileVersion major="1" minor="6" />
	<Project>
		<Option title="kuratowski" />
		<Option pch_mode="2" />
		<Option compiler="gcc" />
		<Build>
			<Target title="Debug">
				<Option output="bin/Debug/kuratowski" prefix_auto="1" extension_auto="1" />
				<Option object_output="obj/Debug/" />
				<Option type="1" />
				<Option compiler="gcc" />
				<Compiler>
					<Add option="-g" />
				</Compiler>
			</Target>
			<Target title="Release">
				<Option output="bin/Release/kuratowski" prefix_auto="1" extension_auto="1" />
				<Option object_output="obj/Release/" />
				<Option type="1" />
				<Option compiler="gcc" />
				<Compiler>
					<Add option="-O2" />
				</Compiler>
				<Linker>
					<Add option="-s" />
				</Linker>
			</Target>
		</Build>
		<Compiler>
			<Add option="-Wall" />
		</Compiler>
		<Unit filename="AdjList.c">
			<Option compilerVar="CC" />
		</Unit>
		<Unit filename="AdjList.h" />
		<Unit filename="JohnsonCycleAlgo.c">
			<Option compilerVar="CC" />
		</Unit>
		<Unit filename="JohnsonCycleAlgo.h" />
		<Unit filename="LinkList.c">
			<Option compilerVar="CC" />
		</Unit>
		<Unit filename="LinkList.h" />
		<Unit filename="TarjanDFS.c">
			<Option compilerVar="CC" />
		</Unit>
		<Unit filename="TarjanDFS.h" />
		<Unit filename="main.c">
			<Option compilerVar="CC" />
		</Unit>
		<Unit filename="stack.c">
			<Option compilerVar="CC" />
		</Unit>
		<Unit filename="stack.h" />
		<Unit filename="step2.c">
			<Option compilerVar="CC" />
		</Unit>
		<Unit filename="step2.h" />
		<Extensions />
	</Project>
</CodeBlocks_project_file>
